
Microsoft Visual Studio Solution File, Format Version 12.00
# Visual Studio Version 17
VisualStudioVersion = 17.5.33516.290
MinimumVisualStudioVersion = 10.0.40219.1
Project("{FAE04EC0-301F-11D3-BF4B-00C04F79EFBC}") = "Arrange following lines", "Arrange following lines\Arrange following lines.csproj", "{3AD95D77-D2EE-4C18-8463-500D3D4C1EAF}"
EndProject
Global
	GlobalSection(SolutionConfigurationPlatforms) = preSolution
		Debug|Any CPU = Debug|Any CPU
		Release|Any CPU = Release|Any CPU
	EndGlobalSection
	GlobalSection(ProjectConfigurationPlatforms) = postSolution
		{3AD95D77-D2EE-4C18-8463-500D3D4C1EAF}.Debug|Any CPU.ActiveCfg = Debug|Any CPU
		{3AD95D77-D2EE-4C18-8463-500D3D4C1EAF}.Debug|Any CPU.Build.0 = Debug|Any CPU
		{3AD95D77-D2EE-4C18-8463-500D3D4C1EAF}.Release|Any CPU.ActiveCfg = Release|Any CPU
		{3AD95D77-D2EE-4C18-8463-500D3D4C1EAF}.Release|Any CPU.Build.0 = Release|Any CPU
	EndGlobalSection
	GlobalSection(SolutionProperties) = preSolution
		HideSolutionNode = FALSE
	EndGlobalSection
	GlobalSection(ExtensibilityGlobals) = postSolution
		SolutionGuid = {1B511432-E62B-4F1E-A5D2-7186D6889F0D}
	EndGlobalSection
EndGlobal
